schema: '2.0'
stages:
  data_ingestion:
    cmd: python src/datafile/data_ingestion.py
    deps:
    - path: src/datafile/data_ingestion.py
      hash: md5
      md5: d7cd28739abc8a0fe3940da53b4b3b7c
      size: 3147
    outs:
    - path: data/external
      hash: md5
      md5: 99e044f0c7bbcb63eaa2ed060e0fe020.dir
      size: 827954
      nfiles: 1
  data_splitting:
    cmd: python src/datafile/data_splitting.py
    deps:
    - path: data/external
      hash: md5
      md5: 99e044f0c7bbcb63eaa2ed060e0fe020.dir
      size: 827954
      nfiles: 1
    - path: src/datafile/data_splitting.py
      hash: md5
      md5: 484b31b123fbd49f0e296047805841fc
      size: 2844
    params:
      params.yaml:
        data_splitting.test_size: 0.05
    outs:
    - path: data/raw
      hash: md5
      md5: 23ee9b50f05bc7b5d6f4f58cd95e9cd6.dir
      size: 827973
      nfiles: 2
  data_preprocessing:
    cmd: python src/datafile/data_preprocessing.py
    deps:
    - path: data/raw
      hash: md5
      md5: 23ee9b50f05bc7b5d6f4f58cd95e9cd6.dir
      size: 827973
      nfiles: 2
    - path: src/datafile/data_ingestion.py
      hash: md5
      md5: d7cd28739abc8a0fe3940da53b4b3b7c
      size: 3147
    outs:
    - path: data/processed
      hash: md5
      md5: 0274ec203299bf052a0d9ae6ed6d62dc.dir
      size: 567114
      nfiles: 2
  feature_engineering:
    cmd: python src/features/feature_engineering.py
    deps:
    - path: data/processed
      hash: md5
      md5: 0274ec203299bf052a0d9ae6ed6d62dc.dir
      size: 567114
      nfiles: 2
    - path: src/features/feature_engineering.py
      hash: md5
      md5: fda6aab72f5dd6c346f2d18deff2f25c
      size: 3856
    outs:
    - path: data/features
      hash: md5
      md5: 8d1d2c5189575bf3b20955df27d04d39.dir
      size: 484730
      nfiles: 2
  model_building:
    cmd: python src/model/model_building.py
    deps:
    - path: data/features
      hash: md5
      md5: 8d1d2c5189575bf3b20955df27d04d39.dir
      size: 484730
      nfiles: 2
    - path: src/model/model_building.py
      hash: md5
      md5: 68681e00cfb12c26f96246c0f5002eba
      size: 3279
    params:
      params.yaml:
        model_building.learning_rate: 0.001
        model_building.n_estimators: 6
    outs:
    - path: model
      hash: md5
      md5: e826c2fa5cf3ceb3eb268c7a8871ecf8.dir
      size: 12622
      nfiles: 1
  model_evaluation:
    cmd: python src/model/model_evaluation.py
    deps:
    - path: model
      hash: md5
      md5: e826c2fa5cf3ceb3eb268c7a8871ecf8.dir
      size: 12622
      nfiles: 1
    - path: src/model/model_evaluation.py
      hash: md5
      md5: cb1c2fea6b9f7b5422bc1680b943ff31
      size: 3631
    outs:
    - path: metrics
      hash: md5
      md5: 90b3e0b9dec27c47f87c48cdc8e27664.dir
      size: 130
      nfiles: 1
