schema: '2.0'
stages:
  data_ingestion:
    cmd: python src/datafile/data_ingestion.py
    deps:
    - path: src/datafile/data_ingestion.py
      hash: md5
      md5: d7cd28739abc8a0fe3940da53b4b3b7c
      size: 3147
    outs:
    - path: data/external
      hash: md5
      md5: 99e044f0c7bbcb63eaa2ed060e0fe020.dir
      size: 827954
      nfiles: 1
  data_splitting:
    cmd: python src/datafile/data_splitting.py
    deps:
    - path: data/external
      hash: md5
      md5: 99e044f0c7bbcb63eaa2ed060e0fe020.dir
      size: 827954
      nfiles: 1
    - path: src/datafile/data_splitting.py
      hash: md5
      md5: 484b31b123fbd49f0e296047805841fc
      size: 2844
    params:
      params.yaml:
        data_splitting.test_size: 0.05
    outs:
    - path: data/raw
      hash: md5
      md5: 23ee9b50f05bc7b5d6f4f58cd95e9cd6.dir
      size: 827973
      nfiles: 2
  data_preprocessing:
    cmd: python src/datafile/data_preprocessing.py
    deps:
    - path: data/raw
      hash: md5
      md5: 23ee9b50f05bc7b5d6f4f58cd95e9cd6.dir
      size: 827973
      nfiles: 2
    - path: src/datafile/data_ingestion.py
      hash: md5
      md5: d7cd28739abc8a0fe3940da53b4b3b7c
      size: 3147
    outs:
    - path: data/processed
      hash: md5
      md5: 0274ec203299bf052a0d9ae6ed6d62dc.dir
      size: 567114
      nfiles: 2
  feature_engineering:
    cmd: python src/features/feature_engineering.py
    deps:
    - path: data/processed
      hash: md5
      md5: 0274ec203299bf052a0d9ae6ed6d62dc.dir
      size: 567114
      nfiles: 2
    - path: src/features/feature_engineering.py
      hash: md5
      md5: a6dbce50dc3dfb1cbb82f28ae62bf506
      size: 3852
    outs:
    - path: data/features
      hash: md5
      md5: 1830b4c445310ed9bcc3e799287e0adc.dir
      size: 238656
      nfiles: 2
  model_building:
    cmd: python src/model/model_building.py
    deps:
    - path: data/features
      hash: md5
      md5: 1830b4c445310ed9bcc3e799287e0adc.dir
      size: 238656
      nfiles: 2
    - path: src/model/model_building.py
      hash: md5
      md5: ace675c33dc3e9b10252b12944493dba
      size: 3277
    params:
      params.yaml:
        model_building.learning_rate: 0.001
        model_building.n_estimators: 6
    outs:
    - path: model
      hash: md5
      md5: 1fd8f29d1b293618564a0f4ed11b5984.dir
      size: 12622
      nfiles: 1
  model_evaluation:
    cmd: python src/model/model_evaluation.py
    deps:
    - path: model
      hash: md5
      md5: 1fd8f29d1b293618564a0f4ed11b5984.dir
      size: 12622
      nfiles: 1
    - path: src/model/model_evaluation.py
      hash: md5
      md5: 5d3b1e3ae3a9959efc71f9bce45d374c
      size: 3629
    outs:
    - path: metrics
      hash: md5
      md5: d42365c14dbb6f082d249189e6190a9f.dir
      size: 130
      nfiles: 1
