schema: '2.0'
stages:
  data_ingestion:
    cmd: python src/datafile/data_ingestion.py
    deps:
    - path: src/datafile/data_ingestion.py
      hash: md5
      md5: d7cd28739abc8a0fe3940da53b4b3b7c
      size: 3147
    outs:
    - path: data/external
      hash: md5
      md5: 99e044f0c7bbcb63eaa2ed060e0fe020.dir
      size: 827954
      nfiles: 1
  data_splitting:
    cmd: python src/datafile/data_splitting.py
    deps:
    - path: data/external
      hash: md5
      md5: 99e044f0c7bbcb63eaa2ed060e0fe020.dir
      size: 827954
      nfiles: 1
    - path: src/datafile/data_splitting.py
      hash: md5
      md5: 484b31b123fbd49f0e296047805841fc
      size: 2844
    params:
      params.yaml:
        data_splitting.test_size: 0.5
    outs:
    - path: data/raw
      hash: md5
      md5: 172da3aaf5b99cfdf8d7a54e393fe76a.dir
      size: 827973
      nfiles: 2
  data_preprocessing:
    cmd: python src/datafile/data_preprocessing.py
    deps:
    - path: data/raw
      hash: md5
      md5: 172da3aaf5b99cfdf8d7a54e393fe76a.dir
      size: 827973
      nfiles: 2
    - path: src/datafile/data_ingestion.py
      hash: md5
      md5: d7cd28739abc8a0fe3940da53b4b3b7c
      size: 3147
    outs:
    - path: data/processed
      hash: md5
      md5: 72b95827a294f0c8ae0244f820c917aa.dir
      size: 567114
      nfiles: 2
  feature_engineering:
    cmd: python src/features/feature_engineering.py
    deps:
    - path: data/processed
      hash: md5
      md5: 72b95827a294f0c8ae0244f820c917aa.dir
      size: 567114
      nfiles: 2
    - path: src/features/feature_engineering.py
      hash: md5
      md5: a6dbce50dc3dfb1cbb82f28ae62bf506
      size: 3852
    outs:
    - path: data/features
      hash: md5
      md5: 9803c087a664eeedc2bdffff648c71ba.dir
      size: 1068816
      nfiles: 2
  model_building:
    cmd: python src/model/model_building.py
    deps:
    - path: data/features
      hash: md5
      md5: 9803c087a664eeedc2bdffff648c71ba.dir
      size: 1068816
      nfiles: 2
    - path: src/model/model_building.py
      hash: md5
      md5: ace675c33dc3e9b10252b12944493dba
      size: 3277
    params:
      params.yaml:
        model_building.learning_rate: 0.001
        model_building.n_estimators: 6
    outs:
    - path: model
      hash: md5
      md5: fdfcf1694b41e201fa78def9839d2475.dir
      size: 12622
      nfiles: 1
  model_evaluation:
    cmd: python src/model/model_evaluation.py
    deps:
    - path: model
      hash: md5
      md5: fdfcf1694b41e201fa78def9839d2475.dir
      size: 12622
      nfiles: 1
    - path: src/model/model_evaluation.py
      hash: md5
      md5: 5d3b1e3ae3a9959efc71f9bce45d374c
      size: 3629
    outs:
    - path: metrics
      hash: md5
      md5: 120d710cbf9384849691be098e988d62.dir
      size: 130
      nfiles: 1
